// !$*UTF8*$!
{
	archiveVersion = 1;
	classes = {
	};
	objectVersion = 50;
	objects = {

/* Begin PBXBuildFile section */
		CE414D422460694900E54457 /* AppDelegate.swift in Sources */ = {isa = PBXBuildFile; fileRef = CE414D412460694900E54457 /* AppDelegate.swift */; };
		CE414D442460694900E54457 /* SceneDelegate.swift in Sources */ = {isa = PBXBuildFile; fileRef = CE414D432460694900E54457 /* SceneDelegate.swift */; };
		CE414D492460694900E54457 /* Main.storyboard in Resources */ = {isa = PBXBuildFile; fileRef = CE414D472460694900E54457 /* Main.storyboard */; };
		CE414D4B2460694B00E54457 /* Assets.xcassets in Resources */ = {isa = PBXBuildFile; fileRef = CE414D4A2460694B00E54457 /* Assets.xcassets */; };
		CE414D4E2460694B00E54457 /* LaunchScreen.storyboard in Resources */ = {isa = PBXBuildFile; fileRef = CE414D4C2460694B00E54457 /* LaunchScreen.storyboard */; };
		CE414D56246069F600E54457 /* PersonSearchTableViewController.swift in Sources */ = {isa = PBXBuildFile; fileRef = CE414D55246069F600E54457 /* PersonSearchTableViewController.swift */; };
		CE414D5824606A0600E54457 /* PersonTableViewCell.swift in Sources */ = {isa = PBXBuildFile; fileRef = CE414D5724606A0600E54457 /* PersonTableViewCell.swift */; };
		E883B28C2460766C00B31B27 /* Person.swift in Sources */ = {isa = PBXBuildFile; fileRef = E883B28B2460766C00B31B27 /* Person.swift */; };
		E883B28F24607B9D00B31B27 /* PersonController.swift in Sources */ = {isa = PBXBuildFile; fileRef = E883B28E24607B9D00B31B27 /* PersonController.swift */; };
/* End PBXBuildFile section */

/* Begin PBXFileReference section */
		CE414D3E2460694900E54457 /* FindACrew.app */ = {isa = PBXFileReference; explicitFileType = wrapper.application; includeInIndex = 0; path = FindACrew.app; sourceTree = BUILT_PRODUCTS_DIR; };
		CE414D412460694900E54457 /* AppDelegate.swift */ = {isa = PBXFileReference; lastKnownFileType = sourcecode.swift; path = AppDelegate.swift; sourceTree = "<group>"; };
		CE414D432460694900E54457 /* SceneDelegate.swift */ = {isa = PBXFileReference; lastKnownFileType = sourcecode.swift; path = SceneDelegate.swift; sourceTree = "<group>"; };
		CE414D482460694900E54457 /* Base */ = {isa = PBXFileReference; lastKnownFileType = file.storyboard; name = Base; path = Base.lproj/Main.storyboard; sourceTree = "<group>"; };
		CE414D4A2460694B00E54457 /* Assets.xcassets */ = {isa = PBXFileReference; lastKnownFileType = folder.assetcatalog; path = Assets.xcassets; sourceTree = "<group>"; };
		CE414D4D2460694B00E54457 /* Base */ = {isa = PBXFileReference; lastKnownFileType = file.storyboard; name = Base; path = Base.lproj/LaunchScreen.storyboard; sourceTree = "<group>"; };
		CE414D4F2460694B00E54457 /* Info.plist */ = {isa = PBXFileReference; lastKnownFileType = text.plist.xml; path = Info.plist; sourceTree = "<group>"; };
		CE414D55246069F600E54457 /* PersonSearchTableViewController.swift */ = {isa = PBXFileReference; lastKnownFileType = sourcecode.swift; path = PersonSearchTableViewController.swift; sourceTree = "<group>"; };
		CE414D5724606A0600E54457 /* PersonTableViewCell.swift */ = {isa = PBXFileReference; lastKnownFileType = sourcecode.swift; path = PersonTableViewCell.swift; sourceTree = "<group>"; };
		E883B28B2460766C00B31B27 /* Person.swift */ = {isa = PBXFileReference; lastKnownFileType = sourcecode.swift; path = Person.swift; sourceTree = "<group>"; };
		E883B28E24607B9D00B31B27 /* PersonController.swift */ = {isa = PBXFileReference; lastKnownFileType = sourcecode.swift; path = PersonController.swift; sourceTree = "<group>"; };
/* End PBXFileReference section */

/* Begin PBXFrameworksBuildPhase section */
		CE414D3B2460694900E54457 /* Frameworks */ = {
			isa = PBXFrameworksBuildPhase;
			buildActionMask = 2147483647;
			files = (
			);
			runOnlyForDeploymentPostprocessing = 0;
		};
/* End PBXFrameworksBuildPhase section */

/* Begin PBXGroup section */
		CE414D352460694900E54457 = {
			isa = PBXGroup;
			children = (
				CE414D402460694900E54457 /* FindACrew */,
				CE414D3F2460694900E54457 /* Products */,
			);
			sourceTree = "<group>";
		};
		CE414D3F2460694900E54457 /* Products */ = {
			isa = PBXGroup;
			children = (
				CE414D3E2460694900E54457 /* FindACrew.app */,
			);
			name = Products;
			sourceTree = "<group>";
		};
		CE414D402460694900E54457 /* FindACrew */ = {
			isa = PBXGroup;
			children = (
				CE414D5924606AFA00E54457 /* Application */,
				CE414D5A24606B0000E54457 /* View Controllers */,
				CE414D5B24606B0600E54457 /* Views */,
				E883B28D246076ED00B31B27 /* Models */,
				E883B29024607BA200B31B27 /* Model Controllers */,
				CE414D5C24606B0F00E54457 /* Storyboards */,
				CE414D4A2460694B00E54457 /* Assets.xcassets */,
				CE414D4F2460694B00E54457 /* Info.plist */,
			);
			path = FindACrew;
			sourceTree = "<group>";
		};
		CE414D5924606AFA00E54457 /* Application */ = {
			isa = PBXGroup;
			children = (
				CE414D412460694900E54457 /* AppDelegate.swift */,
				CE414D432460694900E54457 /* SceneDelegate.swift */,
			);
			path = Application;
			sourceTree = "<group>";
		};
		CE414D5A24606B0000E54457 /* View Controllers */ = {
			isa = PBXGroup;
			children = (
				CE414D55246069F600E54457 /* PersonSearchTableViewController.swift */,
			);
			path = "View Controllers";
			sourceTree = "<group>";
		};
		CE414D5B24606B0600E54457 /* Views */ = {
			isa = PBXGroup;
			children = (
				CE414D5724606A0600E54457 /* PersonTableViewCell.swift */,
			);
			path = Views;
			sourceTree = "<group>";
		};
		CE414D5C24606B0F00E54457 /* Storyboards */ = {
			isa = PBXGroup;
			children = (
				CE414D472460694900E54457 /* Main.storyboard */,
				CE414D4C2460694B00E54457 /* LaunchScreen.storyboard */,
			);
			path = Storyboards;
			sourceTree = "<group>";
		};
		E883B28D246076ED00B31B27 /* Models */ = {
			isa = PBXGroup;
			children = (
				E883B28B2460766C00B31B27 /* Person.swift */,
			);
			path = Models;
			sourceTree = "<group>";
		};
		E883B29024607BA200B31B27 /* Model Controllers */ = {
			isa = PBXGroup;
			children = (
				E883B28E24607B9D00B31B27 /* PersonController.swift */,
			);
			path = "Model Controllers";
			sourceTree = "<group>";
		};
/* End PBXGroup section */

/* Begin PBXNativeTarget section */
		CE414D3D2460694900E54457 /* FindACrew */ = {
			isa = PBXNativeTarget;
			buildConfigurationList = CE414D522460694B00E54457 /* Build configuration list for PBXNativeTarget "FindACrew" */;
			buildPhases = (
				CE414D3A2460694900E54457 /* Sources */,
				CE414D3B2460694900E54457 /* Frameworks */,
				CE414D3C2460694900E54457 /* Resources */,
			);
			buildRules = (
			);
			dependencies = (
			);
			name = FindACrew;
			productName = FindACrew;
			productReference = CE414D3E2460694900E54457 /* FindACrew.app */;
			productType = "com.apple.product-type.application";
		};
/* End PBXNativeTarget section */

/* Begin PBXProject section */
		CE414D362460694900E54457 /* Project object */ = {
			isa = PBXProject;
			attributes = {
				LastSwiftUpdateCheck = 1140;
				LastUpgradeCheck = 1140;
				ORGANIZATIONNAME = "Lambda School";
				TargetAttributes = {
					CE414D3D2460694900E54457 = {
						CreatedOnToolsVersion = 11.4.1;
					};
				};
			};
			buildConfigurationList = CE414D392460694900E54457 /* Build configuration list for PBXProject "FindACrew" */;
			compatibilityVersion = "Xcode 9.3";
			developmentRegion = en;
			hasScannedForEncodings = 0;
			knownRegions = (
				en,
				Base,
			);
			mainGroup = CE414D352460694900E54457;
			productRefGroup = CE414D3F2460694900E54457 /* Products */;
			projectDirPath = "";
			projectRoot = "";
			targets = (
				CE414D3D2460694900E54457 /* FindACrew */,
			);
		};
/* End PBXProject section */

/* Begin PBXResourcesBuildPhase section */
		CE414D3C2460694900E54457 /* Resources */ = {
			isa = PBXResourcesBuildPhase;
			buildActionMask = 2147483647;
			files = (
				CE414D4E2460694B00E54457 /* LaunchScreen.storyboard in Resources */,
				CE414D4B2460694B00E54457 /* Assets.xcassets in Resources */,
				CE414D492460694900E54457 /* Main.storyboard in Resources */,
			);
			runOnlyForDeploymentPostprocessing = 0;
		};
/* End PBXResourcesBuildPhase section */

/* Begin PBXSourcesBuildPhase section */
		CE414D3A2460694900E54457 /* Sources */ = {
			isa = PBXSourcesBuildPhase;
			buildActionMask = 2147483647;
			files = (
				E883B28C2460766C00B31B27 /* Person.swift in Sources */,
				CE414D56246069F600E54457 /* PersonSearchTableViewController.swift in Sources */,
				CE414D422460694900E54457 /* AppDelegate.swift in Sources */,
				CE414D5824606A0600E54457 /* PersonTableViewCell.swift in Sources */,
				E883B28F24607B9D00B31B27 /* PersonController.swift in Sources */,
				CE414D442460694900E54457 /* SceneDelegate.swift in Sources */,
			);
			runOnlyForDeploymentPostprocessing = 0;
		};
/* End PBXSourcesBuildPhase section */

/* Begin PBXVariantGroup section */
		CE414D472460694900E54457 /* Main.storyboard */ = {
			isa = PBXVariantGroup;
			children = (
				CE414D482460694900E54457 /* Base */,
			);
			name = Main.storyboard;
			sourceTree = "<group>";
		};
		CE414D4C2460694B00E54457 /* LaunchScreen.storyboard */ = {
			isa = PBXVariantGroup;
			children = (
				CE414D4D2460694B00E54457 /* Base */,
			);
			name = LaunchScreen.storyboard;
			sourceTree = "<group>";
		};
/* End PBXVariantGroup section */

/* Begin XCBuildConfiguration section */
		CE414D502460694B00E54457 /* Debug */ = {
			isa = XCBuildConfiguration;
			buildSettings = {
				ALWAYS_SEARCH_USER_PATHS = NO;
				CLANG_ANALYZER_NONNULL = YES;
				CLANG_ANALYZER_NUMBER_OBJECT_CONVERSION = YES_AGGRESSIVE;
				CLANG_CXX_LANGUAGE_STANDARD = "gnu++14";
				CLANG_CXX_LIBRARY = "libc++";
				CLANG_ENABLE_MODULES = YES;
				CLANG_ENABLE_OBJC_ARC = YES;
				CLANG_ENABLE_OBJC_WEAK = YES;
				CLANG_WARN_BLOCK_CAPTURE_AUTORELEASING = YES;
				CLANG_WARN_BOOL_CONVERSION = YES;
				CLANG_WARN_COMMA = YES;
				CLANG_WARN_CONSTANT_CONVERSION = YES;
				CLANG_WARN_DEPRECATED_OBJC_IMPLEMENTATIONS = YES;
				CLANG_WARN_DIRECT_OBJC_ISA_USAGE = YES_ERROR;
				CLANG_WARN_DOCUMENTATION_COMMENTS = YES;
				CLANG_WARN_EMPTY_BODY = YES;
				CLANG_WARN_ENUM_CONVERSION = YES;
				CLANG_WARN_INFINITE_RECURSION = YES;
				CLANG_WARN_INT_CONVERSION = YES;
				CLANG_WARN_NON_LITERAL_NULL_CONVERSION = YES;
				CLANG_WARN_OBJC_IMPLICIT_RETAIN_SELF = YES;
				CLANG_WARN_OBJC_LITERAL_CONVERSION = YES;
				CLANG_WARN_OBJC_ROOT_CLASS = YES_ERROR;
				CLANG_WARN_RANGE_LOOP_ANALYSIS = YES;
				CLANG_WARN_STRICT_PROTOTYPES = YES;
				CLANG_WARN_SUSPICIOUS_MOVE = YES;
				CLANG_WARN_UNGUARDED_AVAILABILITY = YES_AGGRESSIVE;
				CLANG_WARN_UNREACHABLE_CODE = YES;
				CLANG_WARN__DUPLICATE_METHOD_MATCH = YES;
				COPY_PHASE_STRIP = NO;
				DEBUG_INFORMATION_FORMAT = dwarf;
				ENABLE_STRICT_OBJC_MSGSEND = YES;
				ENABLE_TESTABILITY = YES;
				GCC_C_LANGUAGE_STANDARD = gnu11;
				GCC_DYNAMIC_NO_PIC = NO;
				GCC_NO_COMMON_BLOCKS = YES;
				GCC_OPTIMIZATION_LEVEL = 0;
				GCC_PREPROCESSOR_DEFINITIONS = (
					"DEBUG=1",
					"$(inherited)",
				);
				GCC_WARN_64_TO_32_BIT_CONVERSION = YES;
				GCC_WARN_ABOUT_RETURN_TYPE = YES_ERROR;
				GCC_WARN_UNDECLARED_SELECTOR = YES;
				GCC_WARN_UNINITIALIZED_AUTOS = YES_AGGRESSIVE;
				GCC_WARN_UNUSED_FUNCTION = YES;
				GCC_WARN_UNUSED_VARIABLE = YES;
				IPHONEOS_DEPLOYMENT_TARGET = 13.4;
				MTL_ENABLE_DEBUG_INFO = INCLUDE_SOURCE;
				MTL_FAST_MATH = YES;
				ONLY_ACTIVE_ARCH = YES;
				SDKROOT = iphoneos;
				SWIFT_ACTIVE_COMPILATION_CONDITIONS = DEBUG;
				SWIFT_OPTIMIZATION_LEVEL = "-Onone";
			};
			name = Debug;
		};
		CE414D512460694B00E54457 /* Release */ = {
			isa = XCBuildConfiguration;
			buildSettings = {
				ALWAYS_SEARCH_USER_PATHS = NO;
				CLANG_ANALYZER_NONNULL = YES;
				CLANG_ANALYZER_NUMBER_OBJECT_CONVERSION = YES_AGGRESSIVE;
				CLANG_CXX_LANGUAGE_STANDARD = "gnu++14";
				CLANG_CXX_LIBRARY = "libc++";
				CLANG_ENABLE_MODULES = YES;
				CLANG_ENABLE_OBJC_ARC = YES;
				CLANG_ENABLE_OBJC_WEAK = YES;
				CLANG_WARN_BLOCK_CAPTURE_AUTORELEASING = YES;
				CLANG_WARN_BOOL_CONVERSION = YES;
				CLANG_WARN_COMMA = YES;
				CLANG_WARN_CONSTANT_CONVERSION = YES;
				CLANG_WARN_DEPRECATED_OBJC_IMPLEMENTATIONS = YES;
				CLANG_WARN_DIRECT_OBJC_ISA_USAGE = YES_ERROR;
				CLANG_WARN_DOCUMENTATION_COMMENTS = YES;
				CLANG_WARN_EMPTY_BODY = YES;
				CLANG_WARN_ENUM_CONVERSION = YES;
				CLANG_WARN_INFINITE_RECURSION = YES;
				CLANG_WARN_INT_CONVERSION = YES;
				CLANG_WARN_NON_LITERAL_NULL_CONVERSION = YES;
				CLANG_WARN_OBJC_IMPLICIT_RETAIN_SELF = YES;
				CLANG_WARN_OBJC_LITERAL_CONVERSION = YES;
				CLANG_WARN_OBJC_ROOT_CLASS = YES_ERROR;
				CLANG_WARN_RANGE_LOOP_ANALYSIS = YES;
				CLANG_WARN_STRICT_PROTOTYPES = YES;
				CLANG_WARN_SUSPICIOUS_MOVE = YES;
				CLANG_WARN_UNGUARDED_AVAILABILITY = YES_AGGRESSIVE;
				CLANG_WARN_UNREACHABLE_CODE = YES;
				CLANG_WARN__DUPLICATE_METHOD_MATCH = YES;
				COPY_PHASE_STRIP = NO;
				DEBUG_INFORMATION_FORMAT = "dwarf-with-dsym";
				ENABLE_NS_ASSERTIONS = NO;
				ENABLE_STRICT_OBJC_MSGSEND = YES;
				GCC_C_LANGUAGE_STANDARD = gnu11;
				GCC_NO_COMMON_BLOCKS = YES;
				GCC_WARN_64_TO_32_BIT_CONVERSION = YES;
				GCC_WARN_ABOUT_RETURN_TYPE = YES_ERROR;
				GCC_WARN_UNDECLARED_SELECTOR = YES;
				GCC_WARN_UNINITIALIZED_AUTOS = YES_AGGRESSIVE;
				GCC_WARN_UNUSED_FUNCTION = YES;
				GCC_WARN_UNUSED_VARIABLE = YES;
				IPHONEOS_DEPLOYMENT_TARGET = 13.4;
				MTL_ENABLE_DEBUG_INFO = NO;
				MTL_FAST_MATH = YES;
				SDKROOT = iphoneos;
				SWIFT_COMPILATION_MODE = wholemodule;
				SWIFT_OPTIMIZATION_LEVEL = "-O";
				VALIDATE_PRODUCT = YES;
			};
			name = Release;
		};
		CE414D532460694B00E54457 /* Debug */ = {
			isa = XCBuildConfiguration;
			buildSettings = {
				ASSETCATALOG_COMPILER_APPICON_NAME = AppIcon;
				CODE_SIGN_STYLE = Automatic;
				INFOPLIST_FILE = FindACrew/Info.plist;
				LD_RUNPATH_SEARCH_PATHS = (
					"$(inherited)",
					"@executable_path/Frameworks",
				);
				PRODUCT_BUNDLE_IDENTIFIER = com.lambdaschool.FindACrew;
				PRODUCT_NAME = "$(TARGET_NAME)";
				SWIFT_VERSION = 5.0;
				TARGETED_DEVICE_FAMILY = "1,2";
			};
			name = Debug;
		};
		CE414D542460694B00E54457 /* Release */ = {
			isa = XCBuildConfiguration;
			buildSettings = {
				ASSETCATALOG_COMPILER_APPICON_NAME = AppIcon;
				CODE_SIGN_STYLE = Automatic;
				INFOPLIST_FILE = FindACrew/Info.plist;
				LD_RUNPATH_SEARCH_PATHS = (
					"$(inherited)",
					"@executable_path/Frameworks",
				);
				PRODUCT_BUNDLE_IDENTIFIER = com.lambdaschool.FindACrew;
				PRODUCT_NAME = "$(TARGET_NAME)";
				SWIFT_VERSION = 5.0;
				TARGETED_DEVICE_FAMILY = "1,2";
			};
			name = Release;
		};
/* End XCBuildConfiguration section */

/* Begin XCConfigurationList section */
		CE414D392460694900E54457 /* Build configuration list for PBXProject "FindACrew" */ = {
			isa = XCConfigurationList;
			buildConfigurations = (
				CE414D502460694B00E54457 /* Debug */,
				CE414D512460694B00E54457 /* Release */,
			);
			defaultConfigurationIsVisible = 0;
			defaultConfigurationName = Release;
		};
		CE414D522460694B00E54457 /* Build configuration list for PBXNativeTarget "FindACrew" */ = {
			isa = XCConfigurationList;
			buildConfigurations = (
				CE414D532460694B00E54457 /* Debug */,
				CE414D542460694B00E54457 /* Release */,
			);
			defaultConfigurationIsVisible = 0;
			defaultConfigurationName = Release;
		};
/* End XCConfigurationList section */
	};
	rootObject = CE414D362460694900E54457 /* Project object */;
}
